// !$*UTF8*$!
{
	archiveVersion = 1;
	classes = {
	};
	objectVersion = 48;
	objects = {

/* Begin PBXBuildFile section */
		064919D8AC086A4143E77853 /* Pods_NOM.framework in Frameworks */ = {isa = PBXBuildFile; fileRef = 4C76E78CD9CE1EA7D6E603B1 /* Pods_NOM.framework */; };
		153391F51FE81CBF00363B97 /* BaseUIControl.swift in Sources */ = {isa = PBXBuildFile; fileRef = 153391F41FE81CBF00363B97 /* BaseUIControl.swift */; };
		155D8D7A1FE8CB4600C17300 /* YahooRateAPI.swift in Sources */ = {isa = PBXBuildFile; fileRef = 155D8D791FE8CB4600C17300 /* YahooRateAPI.swift */; };
		155D8D7E1FE8CD1100C17300 /* YahooModel.swift in Sources */ = {isa = PBXBuildFile; fileRef = 155D8D7D1FE8CD1100C17300 /* YahooModel.swift */; };
		155D8D801FE8E4A700C17300 /* YahooChartModel.swift in Sources */ = {isa = PBXBuildFile; fileRef = 155D8D7F1FE8E4A700C17300 /* YahooChartModel.swift */; };
		155D8D8D1FE9308000C17300 /* LoadingHelper.swift in Sources */ = {isa = PBXBuildFile; fileRef = 155D8D8C1FE9308000C17300 /* LoadingHelper.swift */; };
		1568B12E1FDAD61600C180B4 /* BaseViewController.swift in Sources */ = {isa = PBXBuildFile; fileRef = 1568B12D1FDAD61600C180B4 /* BaseViewController.swift */; };
		1568B1341FDC239100C180B4 /* ExchangeRateAPI.swift in Sources */ = {isa = PBXBuildFile; fileRef = 1568B1331FDC239100C180B4 /* ExchangeRateAPI.swift */; };
		1568B1391FDD1E1500C180B4 /* FixerModel.swift in Sources */ = {isa = PBXBuildFile; fileRef = 1568B1381FDD1E1500C180B4 /* FixerModel.swift */; };
		1568B13B1FDD289B00C180B4 /* Moya+HandySwift.swift in Sources */ = {isa = PBXBuildFile; fileRef = 1568B13A1FDD289B00C180B4 /* Moya+HandySwift.swift */; };
		1568B13E1FDD475A00C180B4 /* CalculatorViewController.swift in Sources */ = {isa = PBXBuildFile; fileRef = 1568B13C1FDD475A00C180B4 /* CalculatorViewController.swift */; };
		1568B13F1FDD475A00C180B4 /* CalculatorViewController.xib in Resources */ = {isa = PBXBuildFile; fileRef = 1568B13D1FDD475A00C180B4 /* CalculatorViewController.xib */; };
		1568B1421FDD87F700C180B4 /* CountryViewController.swift in Sources */ = {isa = PBXBuildFile; fileRef = 1568B1401FDD87F700C180B4 /* CountryViewController.swift */; };
		1568B1431FDD87F700C180B4 /* CountryViewController.xib in Resources */ = {isa = PBXBuildFile; fileRef = 1568B1411FDD87F700C180B4 /* CountryViewController.xib */; };
		1568B1481FDD9DF400C180B4 /* CurrencyCollectionViewCell.swift in Sources */ = {isa = PBXBuildFile; fileRef = 1568B1461FDD9DF400C180B4 /* CurrencyCollectionViewCell.swift */; };
		1568B1491FDD9DF400C180B4 /* CurrencyCollectionViewCell.xib in Resources */ = {isa = PBXBuildFile; fileRef = 1568B1471FDD9DF400C180B4 /* CurrencyCollectionViewCell.xib */; };
		1568B1511FDDA86D00C180B4 /* CurrencyCollectionViewLongCell.swift in Sources */ = {isa = PBXBuildFile; fileRef = 1568B14F1FDDA86D00C180B4 /* CurrencyCollectionViewLongCell.swift */; };
		1568B1521FDDA86D00C180B4 /* CurrencyCollectionViewLongCell.xib in Resources */ = {isa = PBXBuildFile; fileRef = 1568B1501FDDA86D00C180B4 /* CurrencyCollectionViewLongCell.xib */; };
		156B28EA1FDED8B200E643A3 /* TimeTableViewController.swift in Sources */ = {isa = PBXBuildFile; fileRef = 156B28E81FDED8B200E643A3 /* TimeTableViewController.swift */; };
		156B28EB1FDED8B200E643A3 /* TimeTableViewController.xib in Resources */ = {isa = PBXBuildFile; fileRef = 156B28E91FDED8B200E643A3 /* TimeTableViewController.xib */; };
		1583D83F1FEE6C6000787F2A /* SettingVersionTableViewCell.swift in Sources */ = {isa = PBXBuildFile; fileRef = 1583D83D1FEE6C6000787F2A /* SettingVersionTableViewCell.swift */; };
		1583D8401FEE6C6000787F2A /* SettingVersionTableViewCell.xib in Resources */ = {isa = PBXBuildFile; fileRef = 1583D83E1FEE6C6000787F2A /* SettingVersionTableViewCell.xib */; };
		15AB28EE1FF3F409007E2204 /* default.aiff in Resources */ = {isa = PBXBuildFile; fileRef = 15AB28ED1FF3F409007E2204 /* default.aiff */; };
		15C237261FDE3EC500597106 /* Currency.swift in Sources */ = {isa = PBXBuildFile; fileRef = 15C237251FDE3EC500597106 /* Currency.swift */; };
		15C5AB2E1FDA95C200A81E0E /* Constants.swift in Sources */ = {isa = PBXBuildFile; fileRef = 15C5AB2C1FDA95C200A81E0E /* Constants.swift */; };
		15C5AB2F1FDA95C200A81E0E /* Extension.swift in Sources */ = {isa = PBXBuildFile; fileRef = 15C5AB2D1FDA95C200A81E0E /* Extension.swift */; };
		15C5AB321FDA96D000A81E0E /* RateViewController.swift in Sources */ = {isa = PBXBuildFile; fileRef = 15C5AB301FDA96D000A81E0E /* RateViewController.swift */; };
		15C5AB331FDA96D000A81E0E /* RateViewController.xib in Resources */ = {isa = PBXBuildFile; fileRef = 15C5AB311FDA96D000A81E0E /* RateViewController.xib */; };
		15CED3DE1FEC0A87002E0F11 /* CacheManager.swift in Sources */ = {isa = PBXBuildFile; fileRef = 15CED3DD1FEC0A87002E0F11 /* CacheManager.swift */; };
		15CEDFE31FEEE51500036096 /* LaunchScreen.storyboard in Resources */ = {isa = PBXBuildFile; fileRef = 15E7260D1FD3085500F6C7A9 /* LaunchScreen.storyboard */; };
		15DAB0A21FEE17E70003D695 /* SettingNotificationTableViewCell.swift in Sources */ = {isa = PBXBuildFile; fileRef = 15DAB0A01FEE17E70003D695 /* SettingNotificationTableViewCell.swift */; };
		15DAB0A31FEE17E70003D695 /* SettingNotificationTableViewCell.xib in Resources */ = {isa = PBXBuildFile; fileRef = 15DAB0A11FEE17E70003D695 /* SettingNotificationTableViewCell.xib */; };
		15DAB0A61FEE52220003D695 /* SettingRateTableViewCell.swift in Sources */ = {isa = PBXBuildFile; fileRef = 15DAB0A41FEE52220003D695 /* SettingRateTableViewCell.swift */; };
		15DAB0A71FEE52220003D695 /* SettingRateTableViewCell.xib in Resources */ = {isa = PBXBuildFile; fileRef = 15DAB0A51FEE52220003D695 /* SettingRateTableViewCell.xib */; };
		15DAB0AB1FEE53740003D695 /* SettingFeedbackTableViewCell.swift in Sources */ = {isa = PBXBuildFile; fileRef = 15DAB0A91FEE53740003D695 /* SettingFeedbackTableViewCell.swift */; };
		15DAB0AC1FEE53740003D695 /* SettingFeedbackTableViewCell.xib in Resources */ = {isa = PBXBuildFile; fileRef = 15DAB0AA1FEE53740003D695 /* SettingFeedbackTableViewCell.xib */; };
		15DAB0AF1FEE57790003D695 /* SettingLanguageTableViewCell.swift in Sources */ = {isa = PBXBuildFile; fileRef = 15DAB0AD1FEE57790003D695 /* SettingLanguageTableViewCell.swift */; };
		15DAB0B01FEE57790003D695 /* SettingLanguageTableViewCell.xib in Resources */ = {isa = PBXBuildFile; fileRef = 15DAB0AE1FEE57790003D695 /* SettingLanguageTableViewCell.xib */; };
		15DAB0B31FEE63390003D695 /* SettingAppTableViewCell.swift in Sources */ = {isa = PBXBuildFile; fileRef = 15DAB0B11FEE63390003D695 /* SettingAppTableViewCell.swift */; };
		15DAB0B41FEE63390003D695 /* SettingAppTableViewCell.xib in Resources */ = {isa = PBXBuildFile; fileRef = 15DAB0B21FEE63390003D695 /* SettingAppTableViewCell.xib */; };
		15E5D3181FEC499E00C68DE9 /* SettingViewController.swift in Sources */ = {isa = PBXBuildFile; fileRef = 15E5D3161FEC499E00C68DE9 /* SettingViewController.swift */; };
		15E5D3191FEC499E00C68DE9 /* SettingViewController.xib in Resources */ = {isa = PBXBuildFile; fileRef = 15E5D3171FEC499E00C68DE9 /* SettingViewController.xib */; };
		15E5D31C1FEC549100C68DE9 /* SettingChartTableViewCell.swift in Sources */ = {isa = PBXBuildFile; fileRef = 15E5D31A1FEC549100C68DE9 /* SettingChartTableViewCell.swift */; };
		15E5D31D1FEC549100C68DE9 /* SettingChartTableViewCell.xib in Resources */ = {isa = PBXBuildFile; fileRef = 15E5D31B1FEC549100C68DE9 /* SettingChartTableViewCell.xib */; };
		15E726051FD3085500F6C7A9 /* AppDelegate.swift in Sources */ = {isa = PBXBuildFile; fileRef = 15E726041FD3085500F6C7A9 /* AppDelegate.swift */; };
		15E726071FD3085500F6C7A9 /* ViewController.swift in Sources */ = {isa = PBXBuildFile; fileRef = 15E726061FD3085500F6C7A9 /* ViewController.swift */; };
		15E7260A1FD3085500F6C7A9 /* Main.storyboard in Resources */ = {isa = PBXBuildFile; fileRef = 15E726081FD3085500F6C7A9 /* Main.storyboard */; };
		15E7260C1FD3085500F6C7A9 /* Assets.xcassets in Resources */ = {isa = PBXBuildFile; fileRef = 15E7260B1FD3085500F6C7A9 /* Assets.xcassets */; };
		15E7261A1FD3085500F6C7A9 /* ExchangeRateTests.swift in Sources */ = {isa = PBXBuildFile; fileRef = 15E726191FD3085500F6C7A9 /* ExchangeRateTests.swift */; };
		15E726251FD3085500F6C7A9 /* ExchangeRateUITests.swift in Sources */ = {isa = PBXBuildFile; fileRef = 15E726241FD3085500F6C7A9 /* ExchangeRateUITests.swift */; };
/* End PBXBuildFile section */

/* Begin PBXContainerItemProxy section */
		15E726161FD3085500F6C7A9 /* PBXContainerItemProxy */ = {
			isa = PBXContainerItemProxy;
			containerPortal = 15E725F91FD3085500F6C7A9 /* Project object */;
			proxyType = 1;
			remoteGlobalIDString = 15E726001FD3085500F6C7A9;
			remoteInfo = ExchangeRate;
		};
		15E726211FD3085500F6C7A9 /* PBXContainerItemProxy */ = {
			isa = PBXContainerItemProxy;
			containerPortal = 15E725F91FD3085500F6C7A9 /* Project object */;
			proxyType = 1;
			remoteGlobalIDString = 15E726001FD3085500F6C7A9;
			remoteInfo = ExchangeRate;
		};
/* End PBXContainerItemProxy section */

/* Begin PBXFileReference section */
		153391F41FE81CBF00363B97 /* BaseUIControl.swift */ = {isa = PBXFileReference; lastKnownFileType = sourcecode.swift; path = BaseUIControl.swift; sourceTree = "<group>"; };
		155D8D791FE8CB4600C17300 /* YahooRateAPI.swift */ = {isa = PBXFileReference; lastKnownFileType = sourcecode.swift; path = YahooRateAPI.swift; sourceTree = "<group>"; };
		155D8D7D1FE8CD1100C17300 /* YahooModel.swift */ = {isa = PBXFileReference; lastKnownFileType = sourcecode.swift; path = YahooModel.swift; sourceTree = "<group>"; };
		155D8D7F1FE8E4A700C17300 /* YahooChartModel.swift */ = {isa = PBXFileReference; lastKnownFileType = sourcecode.swift; path = YahooChartModel.swift; sourceTree = "<group>"; };
		155D8D831FE8F91200C17300 /* ExchangeRate-Bridging-Header.h */ = {isa = PBXFileReference; lastKnownFileType = sourcecode.c.h; path = "ExchangeRate-Bridging-Header.h"; sourceTree = "<group>"; };
		155D8D8C1FE9308000C17300 /* LoadingHelper.swift */ = {isa = PBXFileReference; lastKnownFileType = sourcecode.swift; path = LoadingHelper.swift; sourceTree = "<group>"; };
		1568B12D1FDAD61600C180B4 /* BaseViewController.swift */ = {isa = PBXFileReference; lastKnownFileType = sourcecode.swift; path = BaseViewController.swift; sourceTree = "<group>"; };
		1568B1331FDC239100C180B4 /* ExchangeRateAPI.swift */ = {isa = PBXFileReference; lastKnownFileType = sourcecode.swift; path = ExchangeRateAPI.swift; sourceTree = "<group>"; };
		1568B1381FDD1E1500C180B4 /* FixerModel.swift */ = {isa = PBXFileReference; lastKnownFileType = sourcecode.swift; path = FixerModel.swift; sourceTree = "<group>"; };
		1568B13A1FDD289B00C180B4 /* Moya+HandySwift.swift */ = {isa = PBXFileReference; lastKnownFileType = sourcecode.swift; path = "Moya+HandySwift.swift"; sourceTree = "<group>"; };
		1568B13C1FDD475A00C180B4 /* CalculatorViewController.swift */ = {isa = PBXFileReference; lastKnownFileType = sourcecode.swift; path = CalculatorViewController.swift; sourceTree = "<group>"; };
		1568B13D1FDD475A00C180B4 /* CalculatorViewController.xib */ = {isa = PBXFileReference; lastKnownFileType = file.xib; path = CalculatorViewController.xib; sourceTree = "<group>"; };
		1568B1401FDD87F700C180B4 /* CountryViewController.swift */ = {isa = PBXFileReference; lastKnownFileType = sourcecode.swift; path = CountryViewController.swift; sourceTree = "<group>"; };
		1568B1411FDD87F700C180B4 /* CountryViewController.xib */ = {isa = PBXFileReference; lastKnownFileType = file.xib; path = CountryViewController.xib; sourceTree = "<group>"; };
		1568B1461FDD9DF400C180B4 /* CurrencyCollectionViewCell.swift */ = {isa = PBXFileReference; lastKnownFileType = sourcecode.swift; path = CurrencyCollectionViewCell.swift; sourceTree = "<group>"; };
		1568B1471FDD9DF400C180B4 /* CurrencyCollectionViewCell.xib */ = {isa = PBXFileReference; lastKnownFileType = file.xib; path = CurrencyCollectionViewCell.xib; sourceTree = "<group>"; };
		1568B14F1FDDA86D00C180B4 /* CurrencyCollectionViewLongCell.swift */ = {isa = PBXFileReference; lastKnownFileType = sourcecode.swift; path = CurrencyCollectionViewLongCell.swift; sourceTree = "<group>"; };
		1568B1501FDDA86D00C180B4 /* CurrencyCollectionViewLongCell.xib */ = {isa = PBXFileReference; lastKnownFileType = file.xib; path = CurrencyCollectionViewLongCell.xib; sourceTree = "<group>"; };
		156B28E81FDED8B200E643A3 /* TimeTableViewController.swift */ = {isa = PBXFileReference; lastKnownFileType = sourcecode.swift; path = TimeTableViewController.swift; sourceTree = "<group>"; };
		156B28E91FDED8B200E643A3 /* TimeTableViewController.xib */ = {isa = PBXFileReference; lastKnownFileType = file.xib; path = TimeTableViewController.xib; sourceTree = "<group>"; };
		157819241FF3DB8400BB13A1 /* NOM.entitlements */ = {isa = PBXFileReference; lastKnownFileType = text.plist.entitlements; path = NOM.entitlements; sourceTree = "<group>"; };
		1583D83D1FEE6C6000787F2A /* SettingVersionTableViewCell.swift */ = {isa = PBXFileReference; lastKnownFileType = sourcecode.swift; path = SettingVersionTableViewCell.swift; sourceTree = "<group>"; };
		1583D83E1FEE6C6000787F2A /* SettingVersionTableViewCell.xib */ = {isa = PBXFileReference; lastKnownFileType = file.xib; path = SettingVersionTableViewCell.xib; sourceTree = "<group>"; };
		15AB28ED1FF3F409007E2204 /* default.aiff */ = {isa = PBXFileReference; lastKnownFileType = audio.aiff; path = default.aiff; sourceTree = "<group>"; };
		15C237251FDE3EC500597106 /* Currency.swift */ = {isa = PBXFileReference; lastKnownFileType = sourcecode.swift; path = Currency.swift; sourceTree = "<group>"; };
		15C5AB2C1FDA95C200A81E0E /* Constants.swift */ = {isa = PBXFileReference; fileEncoding = 4; lastKnownFileType = sourcecode.swift; path = Constants.swift; sourceTree = "<group>"; };
		15C5AB2D1FDA95C200A81E0E /* Extension.swift */ = {isa = PBXFileReference; fileEncoding = 4; lastKnownFileType = sourcecode.swift; path = Extension.swift; sourceTree = "<group>"; };
		15C5AB301FDA96D000A81E0E /* RateViewController.swift */ = {isa = PBXFileReference; lastKnownFileType = sourcecode.swift; path = RateViewController.swift; sourceTree = "<group>"; };
		15C5AB311FDA96D000A81E0E /* RateViewController.xib */ = {isa = PBXFileReference; lastKnownFileType = file.xib; path = RateViewController.xib; sourceTree = "<group>"; };
		15CED3DD1FEC0A87002E0F11 /* CacheManager.swift */ = {isa = PBXFileReference; lastKnownFileType = sourcecode.swift; path = CacheManager.swift; sourceTree = "<group>"; };
		15DAB0A01FEE17E70003D695 /* SettingNotificationTableViewCell.swift */ = {isa = PBXFileReference; lastKnownFileType = sourcecode.swift; path = SettingNotificationTableViewCell.swift; sourceTree = "<group>"; };
		15DAB0A11FEE17E70003D695 /* SettingNotificationTableViewCell.xib */ = {isa = PBXFileReference; lastKnownFileType = file.xib; path = SettingNotificationTableViewCell.xib; sourceTree = "<group>"; };
		15DAB0A41FEE52220003D695 /* SettingRateTableViewCell.swift */ = {isa = PBXFileReference; lastKnownFileType = sourcecode.swift; path = SettingRateTableViewCell.swift; sourceTree = "<group>"; };
		15DAB0A51FEE52220003D695 /* SettingRateTableViewCell.xib */ = {isa = PBXFileReference; lastKnownFileType = file.xib; path = SettingRateTableViewCell.xib; sourceTree = "<group>"; };
		15DAB0A91FEE53740003D695 /* SettingFeedbackTableViewCell.swift */ = {isa = PBXFileReference; lastKnownFileType = sourcecode.swift; path = SettingFeedbackTableViewCell.swift; sourceTree = "<group>"; };
		15DAB0AA1FEE53740003D695 /* SettingFeedbackTableViewCell.xib */ = {isa = PBXFileReference; lastKnownFileType = file.xib; path = SettingFeedbackTableViewCell.xib; sourceTree = "<group>"; };
		15DAB0AD1FEE57790003D695 /* SettingLanguageTableViewCell.swift */ = {isa = PBXFileReference; lastKnownFileType = sourcecode.swift; path = SettingLanguageTableViewCell.swift; sourceTree = "<group>"; };
		15DAB0AE1FEE57790003D695 /* SettingLanguageTableViewCell.xib */ = {isa = PBXFileReference; lastKnownFileType = file.xib; path = SettingLanguageTableViewCell.xib; sourceTree = "<group>"; };
		15DAB0B11FEE63390003D695 /* SettingAppTableViewCell.swift */ = {isa = PBXFileReference; lastKnownFileType = sourcecode.swift; path = SettingAppTableViewCell.swift; sourceTree = "<group>"; };
		15DAB0B21FEE63390003D695 /* SettingAppTableViewCell.xib */ = {isa = PBXFileReference; lastKnownFileType = file.xib; path = SettingAppTableViewCell.xib; sourceTree = "<group>"; };
		15E5D3161FEC499E00C68DE9 /* SettingViewController.swift */ = {isa = PBXFileReference; lastKnownFileType = sourcecode.swift; path = SettingViewController.swift; sourceTree = "<group>"; };
		15E5D3171FEC499E00C68DE9 /* SettingViewController.xib */ = {isa = PBXFileReference; lastKnownFileType = file.xib; path = SettingViewController.xib; sourceTree = "<group>"; };
		15E5D31A1FEC549100C68DE9 /* SettingChartTableViewCell.swift */ = {isa = PBXFileReference; lastKnownFileType = sourcecode.swift; path = SettingChartTableViewCell.swift; sourceTree = "<group>"; };
		15E5D31B1FEC549100C68DE9 /* SettingChartTableViewCell.xib */ = {isa = PBXFileReference; lastKnownFileType = file.xib; path = SettingChartTableViewCell.xib; sourceTree = "<group>"; };
		15E726011FD3085500F6C7A9 /* NOM.app */ = {isa = PBXFileReference; explicitFileType = wrapper.application; includeInIndex = 0; path = NOM.app; sourceTree = BUILT_PRODUCTS_DIR; };
		15E726041FD3085500F6C7A9 /* AppDelegate.swift */ = {isa = PBXFileReference; lastKnownFileType = sourcecode.swift; path = AppDelegate.swift; sourceTree = "<group>"; };
		15E726061FD3085500F6C7A9 /* ViewController.swift */ = {isa = PBXFileReference; lastKnownFileType = sourcecode.swift; path = ViewController.swift; sourceTree = "<group>"; };
		15E726091FD3085500F6C7A9 /* Base */ = {isa = PBXFileReference; lastKnownFileType = file.storyboard; name = Base; path = Base.lproj/Main.storyboard; sourceTree = "<group>"; };
		15E7260B1FD3085500F6C7A9 /* Assets.xcassets */ = {isa = PBXFileReference; lastKnownFileType = folder.assetcatalog; path = Assets.xcassets; sourceTree = "<group>"; };
		15E7260E1FD3085500F6C7A9 /* Base */ = {isa = PBXFileReference; lastKnownFileType = file.storyboard; name = Base; path = Base.lproj/LaunchScreen.storyboard; sourceTree = "<group>"; };
		15E726101FD3085500F6C7A9 /* Info.plist */ = {isa = PBXFileReference; lastKnownFileType = text.plist.xml; path = Info.plist; sourceTree = "<group>"; };
		15E726151FD3085500F6C7A9 /* NOMTests.xctest */ = {isa = PBXFileReference; explicitFileType = wrapper.cfbundle; includeInIndex = 0; path = NOMTests.xctest; sourceTree = BUILT_PRODUCTS_DIR; };
		15E726191FD3085500F6C7A9 /* ExchangeRateTests.swift */ = {isa = PBXFileReference; lastKnownFileType = sourcecode.swift; path = ExchangeRateTests.swift; sourceTree = "<group>"; };
		15E7261B1FD3085500F6C7A9 /* Info.plist */ = {isa = PBXFileReference; lastKnownFileType = text.plist.xml; path = Info.plist; sourceTree = "<group>"; };
		15E726201FD3085500F6C7A9 /* NOMUITests.xctest */ = {isa = PBXFileReference; explicitFileType = wrapper.cfbundle; includeInIndex = 0; path = NOMUITests.xctest; sourceTree = BUILT_PRODUCTS_DIR; };
		15E726241FD3085500F6C7A9 /* ExchangeRateUITests.swift */ = {isa = PBXFileReference; lastKnownFileType = sourcecode.swift; path = ExchangeRateUITests.swift; sourceTree = "<group>"; };
		15E726261FD3085500F6C7A9 /* Info.plist */ = {isa = PBXFileReference; lastKnownFileType = text.plist.xml; path = Info.plist; sourceTree = "<group>"; };
		4C76E78CD9CE1EA7D6E603B1 /* Pods_NOM.framework */ = {isa = PBXFileReference; explicitFileType = wrapper.framework; includeInIndex = 0; path = Pods_NOM.framework; sourceTree = BUILT_PRODUCTS_DIR; };
		9B570E1E70C8C280869FC1EC /* Pods-NOM.debug.xcconfig */ = {isa = PBXFileReference; includeInIndex = 1; lastKnownFileType = text.xcconfig; name = "Pods-NOM.debug.xcconfig"; path = "Target Support Files/Pods-NOM/Pods-NOM.debug.xcconfig"; sourceTree = "<group>"; };
		CFC9EAC5B9EE4D9F7A40A502 /* Pods-NOM.release.xcconfig */ = {isa = PBXFileReference; includeInIndex = 1; lastKnownFileType = text.xcconfig; name = "Pods-NOM.release.xcconfig"; path = "Target Support Files/Pods-NOM/Pods-NOM.release.xcconfig"; sourceTree = "<group>"; };
/* End PBXFileReference section */

/* Begin PBXFrameworksBuildPhase section */
		15E725FE1FD3085500F6C7A9 /* Frameworks */ = {
			isa = PBXFrameworksBuildPhase;
			buildActionMask = 2147483647;
			files = (
				064919D8AC086A4143E77853 /* Pods_NOM.framework in Frameworks */,
			);
			runOnlyForDeploymentPostprocessing = 0;
		};
		15E726121FD3085500F6C7A9 /* Frameworks */ = {
			isa = PBXFrameworksBuildPhase;
			buildActionMask = 2147483647;
			files = (
			);
			runOnlyForDeploymentPostprocessing = 0;
		};
		15E7261D1FD3085500F6C7A9 /* Frameworks */ = {
			isa = PBXFrameworksBuildPhase;
			buildActionMask = 2147483647;
			files = (
			);
			runOnlyForDeploymentPostprocessing = 0;
		};
/* End PBXFrameworksBuildPhase section */

/* Begin PBXGroup section */
		1536E1DA1FDA8AF8009EA015 /* Rate */ = {
			isa = PBXGroup;
			children = (
				15C5AB301FDA96D000A81E0E /* RateViewController.swift */,
				15C5AB311FDA96D000A81E0E /* RateViewController.xib */,
				1568B1401FDD87F700C180B4 /* CountryViewController.swift */,
				1568B1411FDD87F700C180B4 /* CountryViewController.xib */,
			);
			path = Rate;
			sourceTree = "<group>";
		};
		155D8D811FE8F1FC00C17300 /* Cache */ = {
			isa = PBXGroup;
			children = (
				15CED3DD1FEC0A87002E0F11 /* CacheManager.swift */,
			);
			path = Cache;
			sourceTree = "<group>";
		};
		1568B12C1FDAD60A00C180B4 /* Basic */ = {
			isa = PBXGroup;
			children = (
				1568B12D1FDAD61600C180B4 /* BaseViewController.swift */,
				153391F41FE81CBF00363B97 /* BaseUIControl.swift */,
			);
			path = Basic;
			sourceTree = "<group>";
		};
		1568B1301FDBC59600C180B4 /* Network */ = {
			isa = PBXGroup;
			children = (
				1568B1331FDC239100C180B4 /* ExchangeRateAPI.swift */,
				155D8D791FE8CB4600C17300 /* YahooRateAPI.swift */,
			);
			path = Network;
			sourceTree = "<group>";
		};
		1568B1351FDD1DED00C180B4 /* Model */ = {
			isa = PBXGroup;
			children = (
				1568B1381FDD1E1500C180B4 /* FixerModel.swift */,
				15C237251FDE3EC500597106 /* Currency.swift */,
				155D8D7D1FE8CD1100C17300 /* YahooModel.swift */,
				155D8D7F1FE8E4A700C17300 /* YahooChartModel.swift */,
			);
			path = Model;
			sourceTree = "<group>";
		};
		1568B1441FDD9DD200C180B4 /* View */ = {
			isa = PBXGroup;
			children = (
				1568B14A1FDDA82D00C180B4 /* TableCell */,
				1568B1451FDD9DD200C180B4 /* CollectionCell */,
			);
			path = View;
			sourceTree = "<group>";
		};
		1568B1451FDD9DD200C180B4 /* CollectionCell */ = {
			isa = PBXGroup;
			children = (
				1568B1461FDD9DF400C180B4 /* CurrencyCollectionViewCell.swift */,
				1568B1471FDD9DF400C180B4 /* CurrencyCollectionViewCell.xib */,
				1568B14F1FDDA86D00C180B4 /* CurrencyCollectionViewLongCell.swift */,
				1568B1501FDDA86D00C180B4 /* CurrencyCollectionViewLongCell.xib */,
			);
			path = CollectionCell;
			sourceTree = "<group>";
		};
		1568B14A1FDDA82D00C180B4 /* TableCell */ = {
			isa = PBXGroup;
			children = (
				1583D83D1FEE6C6000787F2A /* SettingVersionTableViewCell.swift */,
				1583D83E1FEE6C6000787F2A /* SettingVersionTableViewCell.xib */,
				15DAB0B11FEE63390003D695 /* SettingAppTableViewCell.swift */,
				15DAB0B21FEE63390003D695 /* SettingAppTableViewCell.xib */,
				15DAB0AD1FEE57790003D695 /* SettingLanguageTableViewCell.swift */,
				15DAB0AE1FEE57790003D695 /* SettingLanguageTableViewCell.xib */,
				15E5D31A1FEC549100C68DE9 /* SettingChartTableViewCell.swift */,
				15E5D31B1FEC549100C68DE9 /* SettingChartTableViewCell.xib */,
				15DAB0A01FEE17E70003D695 /* SettingNotificationTableViewCell.swift */,
				15DAB0A11FEE17E70003D695 /* SettingNotificationTableViewCell.xib */,
				15DAB0A41FEE52220003D695 /* SettingRateTableViewCell.swift */,
				15DAB0A51FEE52220003D695 /* SettingRateTableViewCell.xib */,
				15DAB0A91FEE53740003D695 /* SettingFeedbackTableViewCell.swift */,
				15DAB0AA1FEE53740003D695 /* SettingFeedbackTableViewCell.xib */,
			);
			path = TableCell;
			sourceTree = "<group>";
		};
		156B28E71FDED87400E643A3 /* TimeTable */ = {
			isa = PBXGroup;
			children = (
				156B28E81FDED8B200E643A3 /* TimeTableViewController.swift */,
				156B28E91FDED8B200E643A3 /* TimeTableViewController.xib */,
			);
			path = TimeTable;
			sourceTree = "<group>";
		};
		15C5AB241FDA8BA100A81E0E /* Calculator */ = {
			isa = PBXGroup;
			children = (
				1568B13C1FDD475A00C180B4 /* CalculatorViewController.swift */,
				1568B13D1FDD475A00C180B4 /* CalculatorViewController.xib */,
			);
			path = Calculator;
			sourceTree = "<group>";
		};
		15C5AB2B1FDA95C200A81E0E /* Util */ = {
			isa = PBXGroup;
			children = (
				15C5AB2C1FDA95C200A81E0E /* Constants.swift */,
				15C5AB2D1FDA95C200A81E0E /* Extension.swift */,
				1568B13A1FDD289B00C180B4 /* Moya+HandySwift.swift */,
				155D8D8C1FE9308000C17300 /* LoadingHelper.swift */,
			);
			path = Util;
			sourceTree = "<group>";
		};
		15E5D3151FEC497E00C68DE9 /* Setting */ = {
			isa = PBXGroup;
			children = (
				15E5D3161FEC499E00C68DE9 /* SettingViewController.swift */,
				15E5D3171FEC499E00C68DE9 /* SettingViewController.xib */,
			);
			name = Setting;
			path = ExchangeRate/Setting;
			sourceTree = SOURCE_ROOT;
		};
		15E725F81FD3085500F6C7A9 = {
			isa = PBXGroup;
			children = (
				157819241FF3DB8400BB13A1 /* NOM.entitlements */,
				15E726031FD3085500F6C7A9 /* ExchangeRate */,
				15E726181FD3085500F6C7A9 /* ExchangeRateTests */,
				15E726231FD3085500F6C7A9 /* ExchangeRateUITests */,
				15E726021FD3085500F6C7A9 /* Products */,
				A21DEAE975D73DED1DE83637 /* Pods */,
				6C58413371BA1CA500145DD9 /* Frameworks */,
			);
			sourceTree = "<group>";
		};
		15E726021FD3085500F6C7A9 /* Products */ = {
			isa = PBXGroup;
			children = (
				15E726011FD3085500F6C7A9 /* NOM.app */,
				15E726151FD3085500F6C7A9 /* NOMTests.xctest */,
				15E726201FD3085500F6C7A9 /* NOMUITests.xctest */,
			);
			name = Products;
			sourceTree = "<group>";
		};
		15E726031FD3085500F6C7A9 /* ExchangeRate */ = {
			isa = PBXGroup;
			children = (
				155D8D811FE8F1FC00C17300 /* Cache */,
				1568B1441FDD9DD200C180B4 /* View */,
				1568B1351FDD1DED00C180B4 /* Model */,
				1568B1301FDBC59600C180B4 /* Network */,
				1568B12C1FDAD60A00C180B4 /* Basic */,
				15C5AB2B1FDA95C200A81E0E /* Util */,
				15C5AB241FDA8BA100A81E0E /* Calculator */,
				15E5D3151FEC497E00C68DE9 /* Setting */,
				156B28E71FDED87400E643A3 /* TimeTable */,
				1536E1DA1FDA8AF8009EA015 /* Rate */,
				15E726041FD3085500F6C7A9 /* AppDelegate.swift */,
				15E726061FD3085500F6C7A9 /* ViewController.swift */,
				15E726081FD3085500F6C7A9 /* Main.storyboard */,
				15E7260B1FD3085500F6C7A9 /* Assets.xcassets */,
				15E7260D1FD3085500F6C7A9 /* LaunchScreen.storyboard */,
				15E726101FD3085500F6C7A9 /* Info.plist */,
				15AB28ED1FF3F409007E2204 /* default.aiff */,
				155D8D831FE8F91200C17300 /* ExchangeRate-Bridging-Header.h */,
			);
			path = ExchangeRate;
			sourceTree = "<group>";
		};
		15E726181FD3085500F6C7A9 /* ExchangeRateTests */ = {
			isa = PBXGroup;
			children = (
				15E726191FD3085500F6C7A9 /* ExchangeRateTests.swift */,
				15E7261B1FD3085500F6C7A9 /* Info.plist */,
			);
			path = ExchangeRateTests;
			sourceTree = "<group>";
		};
		15E726231FD3085500F6C7A9 /* ExchangeRateUITests */ = {
			isa = PBXGroup;
			children = (
				15E726241FD3085500F6C7A9 /* ExchangeRateUITests.swift */,
				15E726261FD3085500F6C7A9 /* Info.plist */,
			);
			path = ExchangeRateUITests;
			sourceTree = "<group>";
		};
		6C58413371BA1CA500145DD9 /* Frameworks */ = {
			isa = PBXGroup;
			children = (
				4C76E78CD9CE1EA7D6E603B1 /* Pods_NOM.framework */,
			);
			name = Frameworks;
			sourceTree = "<group>";
		};
		A21DEAE975D73DED1DE83637 /* Pods */ = {
			isa = PBXGroup;
			children = (
				9B570E1E70C8C280869FC1EC /* Pods-NOM.debug.xcconfig */,
				CFC9EAC5B9EE4D9F7A40A502 /* Pods-NOM.release.xcconfig */,
			);
			path = Pods;
			sourceTree = "<group>";
		};
/* End PBXGroup section */

/* Begin PBXNativeTarget section */
		15E726001FD3085500F6C7A9 /* NOM */ = {
			isa = PBXNativeTarget;
			buildConfigurationList = 15E726291FD3085500F6C7A9 /* Build configuration list for PBXNativeTarget "NOM" */;
			buildPhases = (
				47A7638813763C16CB2FDF2D /* [CP] Check Pods Manifest.lock */,
				15E725FD1FD3085500F6C7A9 /* Sources */,
				15E725FE1FD3085500F6C7A9 /* Frameworks */,
				15E725FF1FD3085500F6C7A9 /* Resources */,
				1583D8411FEE8AAC00787F2A /* ShellScript */,
				33A8211574FC409E44224A7D /* [CP] Embed Pods Frameworks */,
			);
			buildRules = (
			);
			dependencies = (
			);
			name = NOM;
			productName = ExchangeRate;
			productReference = 15E726011FD3085500F6C7A9 /* NOM.app */;
			productType = "com.apple.product-type.application";
		};
		15E726141FD3085500F6C7A9 /* NOMTests */ = {
			isa = PBXNativeTarget;
			buildConfigurationList = 15E7262C1FD3085500F6C7A9 /* Build configuration list for PBXNativeTarget "NOMTests" */;
			buildPhases = (
				15E726111FD3085500F6C7A9 /* Sources */,
				15E726121FD3085500F6C7A9 /* Frameworks */,
				15E726131FD3085500F6C7A9 /* Resources */,
			);
			buildRules = (
			);
			dependencies = (
				15E726171FD3085500F6C7A9 /* PBXTargetDependency */,
			);
			name = NOMTests;
			productName = ExchangeRateTests;
			productReference = 15E726151FD3085500F6C7A9 /* NOMTests.xctest */;
			productType = "com.apple.product-type.bundle.unit-test";
		};
		15E7261F1FD3085500F6C7A9 /* NOMUITests */ = {
			isa = PBXNativeTarget;
			buildConfigurationList = 15E7262F1FD3085500F6C7A9 /* Build configuration list for PBXNativeTarget "NOMUITests" */;
			buildPhases = (
				15E7261C1FD3085500F6C7A9 /* Sources */,
				15E7261D1FD3085500F6C7A9 /* Frameworks */,
				15E7261E1FD3085500F6C7A9 /* Resources */,
			);
			buildRules = (
			);
			dependencies = (
				15E726221FD3085500F6C7A9 /* PBXTargetDependency */,
			);
			name = NOMUITests;
			productName = ExchangeRateUITests;
			productReference = 15E726201FD3085500F6C7A9 /* NOMUITests.xctest */;
			productType = "com.apple.product-type.bundle.ui-testing";
		};
/* End PBXNativeTarget section */

/* Begin PBXProject section */
		15E725F91FD3085500F6C7A9 /* Project object */ = {
			isa = PBXProject;
			attributes = {
				LastSwiftUpdateCheck = 0910;
				LastUpgradeCheck = 1010;
				ORGANIZATIONNAME = lmcmz;
				TargetAttributes = {
					15E726001FD3085500F6C7A9 = {
						CreatedOnToolsVersion = 9.1;
						LastSwiftMigration = 0920;
						ProvisioningStyle = Automatic;
						SystemCapabilities = {
							com.apple.Push = {
								enabled = 1;
							};
						};
					};
					15E726141FD3085500F6C7A9 = {
						CreatedOnToolsVersion = 9.1;
						ProvisioningStyle = Automatic;
						TestTargetID = 15E726001FD3085500F6C7A9;
					};
					15E7261F1FD3085500F6C7A9 = {
						CreatedOnToolsVersion = 9.1;
						ProvisioningStyle = Automatic;
						TestTargetID = 15E726001FD3085500F6C7A9;
					};
				};
			};
			buildConfigurationList = 15E725FC1FD3085500F6C7A9 /* Build configuration list for PBXProject "NOM" */;
			compatibilityVersion = "Xcode 8.0";
			developmentRegion = en;
			hasScannedForEncodings = 0;
			knownRegions = (
				en,
				Base,
			);
			mainGroup = 15E725F81FD3085500F6C7A9;
			productRefGroup = 15E726021FD3085500F6C7A9 /* Products */;
			projectDirPath = "";
			projectRoot = "";
			targets = (
				15E726001FD3085500F6C7A9 /* NOM */,
				15E726141FD3085500F6C7A9 /* NOMTests */,
				15E7261F1FD3085500F6C7A9 /* NOMUITests */,
			);
		};
/* End PBXProject section */

/* Begin PBXResourcesBuildPhase section */
		15E725FF1FD3085500F6C7A9 /* Resources */ = {
			isa = PBXResourcesBuildPhase;
			buildActionMask = 2147483647;
			files = (
				15CEDFE31FEEE51500036096 /* LaunchScreen.storyboard in Resources */,
				15DAB0A31FEE17E70003D695 /* SettingNotificationTableViewCell.xib in Resources */,
				1568B1521FDDA86D00C180B4 /* CurrencyCollectionViewLongCell.xib in Resources */,
				15DAB0A71FEE52220003D695 /* SettingRateTableViewCell.xib in Resources */,
				15E5D31D1FEC549100C68DE9 /* SettingChartTableViewCell.xib in Resources */,
				15E7260C1FD3085500F6C7A9 /* Assets.xcassets in Resources */,
				15C5AB331FDA96D000A81E0E /* RateViewController.xib in Resources */,
				15DAB0B41FEE63390003D695 /* SettingAppTableViewCell.xib in Resources */,
				15E7260A1FD3085500F6C7A9 /* Main.storyboard in Resources */,
				15AB28EE1FF3F409007E2204 /* default.aiff in Resources */,
				1568B13F1FDD475A00C180B4 /* CalculatorViewController.xib in Resources */,
				15DAB0AC1FEE53740003D695 /* SettingFeedbackTableViewCell.xib in Resources */,
				15E5D3191FEC499E00C68DE9 /* SettingViewController.xib in Resources */,
				15DAB0B01FEE57790003D695 /* SettingLanguageTableViewCell.xib in Resources */,
				1568B1431FDD87F700C180B4 /* CountryViewController.xib in Resources */,
				1583D8401FEE6C6000787F2A /* SettingVersionTableViewCell.xib in Resources */,
				156B28EB1FDED8B200E643A3 /* TimeTableViewController.xib in Resources */,
				1568B1491FDD9DF400C180B4 /* CurrencyCollectionViewCell.xib in Resources */,
			);
			runOnlyForDeploymentPostprocessing = 0;
		};
		15E726131FD3085500F6C7A9 /* Resources */ = {
			isa = PBXResourcesBuildPhase;
			buildActionMask = 2147483647;
			files = (
			);
			runOnlyForDeploymentPostprocessing = 0;
		};
		15E7261E1FD3085500F6C7A9 /* Resources */ = {
			isa = PBXResourcesBuildPhase;
			buildActionMask = 2147483647;
			files = (
			);
			runOnlyForDeploymentPostprocessing = 0;
		};
/* End PBXResourcesBuildPhase section */

/* Begin PBXShellScriptBuildPhase section */
		1583D8411FEE8AAC00787F2A /* ShellScript */ = {
			isa = PBXShellScriptBuildPhase;
			buildActionMask = 2147483647;
			files = (
			);
			inputPaths = (
			);
			outputPaths = (
			);
			runOnlyForDeploymentPostprocessing = 0;
			shellPath = /bin/sh;
			shellScript = "\"${PODS_ROOT}/Fabric/run\" 0b323bc7b688110acb8b87a883a7d1ea3102e739 12daf8db8451c05f76753ccbb9cbea3d8d23c66ffd03092a61b97948aafc5492";
		};
		33A8211574FC409E44224A7D /* [CP] Embed Pods Frameworks */ = {
			isa = PBXShellScriptBuildPhase;
			buildActionMask = 2147483647;
			files = (
			);
			inputFileListPaths = (
			);
			inputPaths = (
				"${PODS_ROOT}/Target Support Files/Pods-NOM/Pods-NOM-frameworks.sh",
				"${BUILT_PRODUCTS_DIR}/Alamofire/Alamofire.framework",
				"${BUILT_PRODUCTS_DIR}/BEMSimpleLineGraph/BEMSimpleLineGraph.framework",
				"${BUILT_PRODUCTS_DIR}/FoldingCell/FoldingCell.framework",
				"${BUILT_PRODUCTS_DIR}/HandyJSON/HandyJSON.framework",
				"${BUILT_PRODUCTS_DIR}/MSNumberScrollAnimatedView/MSNumberScrollAnimatedView.framework",
				"${BUILT_PRODUCTS_DIR}/Moya/Moya.framework",
				"${BUILT_PRODUCTS_DIR}/NVActivityIndicatorView/NVActivityIndicatorView.framework",
				"${BUILT_PRODUCTS_DIR}/Result/Result.framework",
				"${BUILT_PRODUCTS_DIR}/SJFluidSegmentedControl/SJFluidSegmentedControl.framework",
				"${BUILT_PRODUCTS_DIR}/SnapKit/SnapKit.framework",
				"${BUILT_PRODUCTS_DIR}/VBFPopFlatButton/VBFPopFlatButton.framework",
				"${BUILT_PRODUCTS_DIR}/pop/pop.framework",
			);
			name = "[CP] Embed Pods Frameworks";
			outputFileListPaths = (
			);
			outputPaths = (
				"${TARGET_BUILD_DIR}/${FRAMEWORKS_FOLDER_PATH}/Alamofire.framework",
				"${TARGET_BUILD_DIR}/${FRAMEWORKS_FOLDER_PATH}/BEMSimpleLineGraph.framework",
				"${TARGET_BUILD_DIR}/${FRAMEWORKS_FOLDER_PATH}/FoldingCell.framework",
				"${TARGET_BUILD_DIR}/${FRAMEWORKS_FOLDER_PATH}/HandyJSON.framework",
				"${TARGET_BUILD_DIR}/${FRAMEWORKS_FOLDER_PATH}/MSNumberScrollAnimatedView.framework",
				"${TARGET_BUILD_DIR}/${FRAMEWORKS_FOLDER_PATH}/Moya.framework",
				"${TARGET_BUILD_DIR}/${FRAMEWORKS_FOLDER_PATH}/NVActivityIndicatorView.framework",
				"${TARGET_BUILD_DIR}/${FRAMEWORKS_FOLDER_PATH}/Result.framework",
				"${TARGET_BUILD_DIR}/${FRAMEWORKS_FOLDER_PATH}/SJFluidSegmentedControl.framework",
				"${TARGET_BUILD_DIR}/${FRAMEWORKS_FOLDER_PATH}/SnapKit.framework",
				"${TARGET_BUILD_DIR}/${FRAMEWORKS_FOLDER_PATH}/VBFPopFlatButton.framework",
				"${TARGET_BUILD_DIR}/${FRAMEWORKS_FOLDER_PATH}/pop.framework",
			);
			runOnlyForDeploymentPostprocessing = 0;
			shellPath = /bin/sh;
			shellScript = "\"${PODS_ROOT}/Target Support Files/Pods-NOM/Pods-NOM-frameworks.sh\"\n";
			showEnvVarsInLog = 0;
		};
		47A7638813763C16CB2FDF2D /* [CP] Check Pods Manifest.lock */ = {
			isa = PBXShellScriptBuildPhase;
			buildActionMask = 2147483647;
			files = (
			);
			inputFileListPaths = (
			);
			inputPaths = (
				"${PODS_PODFILE_DIR_PATH}/Podfile.lock",
				"${PODS_ROOT}/Manifest.lock",
			);
			name = "[CP] Check Pods Manifest.lock";
			outputFileListPaths = (
			);
			outputPaths = (
				"$(DERIVED_FILE_DIR)/Pods-NOM-checkManifestLockResult.txt",
			);
			runOnlyForDeploymentPostprocessing = 0;
			shellPath = /bin/sh;
			shellScript = "diff \"${PODS_PODFILE_DIR_PATH}/Podfile.lock\" \"${PODS_ROOT}/Manifest.lock\" > /dev/null\nif [ $? != 0 ] ; then\n    # print error to STDERR\n    echo \"error: The sandbox is not in sync with the Podfile.lock. Run 'pod install' or update your CocoaPods installation.\" >&2\n    exit 1\nfi\n# This output is used by Xcode 'outputs' to avoid re-running this script phase.\necho \"SUCCESS\" > \"${SCRIPT_OUTPUT_FILE_0}\"\n";
			showEnvVarsInLog = 0;
		};
/* End PBXShellScriptBuildPhase section */

/* Begin PBXSourcesBuildPhase section */
		15E725FD1FD3085500F6C7A9 /* Sources */ = {
			isa = PBXSourcesBuildPhase;
			buildActionMask = 2147483647;
			files = (
				155D8D8D1FE9308000C17300 /* LoadingHelper.swift in Sources */,
				15DAB0A21FEE17E70003D695 /* SettingNotificationTableViewCell.swift in Sources */,
				1568B13E1FDD475A00C180B4 /* CalculatorViewController.swift in Sources */,
				15C5AB2E1FDA95C200A81E0E /* Constants.swift in Sources */,
				15DAB0AB1FEE53740003D695 /* SettingFeedbackTableViewCell.swift in Sources */,
				1568B1421FDD87F700C180B4 /* CountryViewController.swift in Sources */,
				1568B13B1FDD289B00C180B4 /* Moya+HandySwift.swift in Sources */,
				15DAB0A61FEE52220003D695 /* SettingRateTableViewCell.swift in Sources */,
				15E726071FD3085500F6C7A9 /* ViewController.swift in Sources */,
				15E5D31C1FEC549100C68DE9 /* SettingChartTableViewCell.swift in Sources */,
				15CED3DE1FEC0A87002E0F11 /* CacheManager.swift in Sources */,
				155D8D7E1FE8CD1100C17300 /* YahooModel.swift in Sources */,
				155D8D801FE8E4A700C17300 /* YahooChartModel.swift in Sources */,
				15C237261FDE3EC500597106 /* Currency.swift in Sources */,
				1568B1391FDD1E1500C180B4 /* FixerModel.swift in Sources */,
				1568B1481FDD9DF400C180B4 /* CurrencyCollectionViewCell.swift in Sources */,
				15C5AB2F1FDA95C200A81E0E /* Extension.swift in Sources */,
				153391F51FE81CBF00363B97 /* BaseUIControl.swift in Sources */,
				15C5AB321FDA96D000A81E0E /* RateViewController.swift in Sources */,
				1568B1341FDC239100C180B4 /* ExchangeRateAPI.swift in Sources */,
				15DAB0B31FEE63390003D695 /* SettingAppTableViewCell.swift in Sources */,
				155D8D7A1FE8CB4600C17300 /* YahooRateAPI.swift in Sources */,
				15E5D3181FEC499E00C68DE9 /* SettingViewController.swift in Sources */,
				15E726051FD3085500F6C7A9 /* AppDelegate.swift in Sources */,
				1568B12E1FDAD61600C180B4 /* BaseViewController.swift in Sources */,
				156B28EA1FDED8B200E643A3 /* TimeTableViewController.swift in Sources */,
				15DAB0AF1FEE57790003D695 /* SettingLanguageTableViewCell.swift in Sources */,
				1568B1511FDDA86D00C180B4 /* CurrencyCollectionViewLongCell.swift in Sources */,
				1583D83F1FEE6C6000787F2A /* SettingVersionTableViewCell.swift in Sources */,
			);
			runOnlyForDeploymentPostprocessing = 0;
		};
		15E726111FD3085500F6C7A9 /* Sources */ = {
			isa = PBXSourcesBuildPhase;
			buildActionMask = 2147483647;
			files = (
				15E7261A1FD3085500F6C7A9 /* ExchangeRateTests.swift in Sources */,
			);
			runOnlyForDeploymentPostprocessing = 0;
		};
		15E7261C1FD3085500F6C7A9 /* Sources */ = {
			isa = PBXSourcesBuildPhase;
			buildActionMask = 2147483647;
			files = (
				15E726251FD3085500F6C7A9 /* ExchangeRateUITests.swift in Sources */,
			);
			runOnlyForDeploymentPostprocessing = 0;
		};
/* End PBXSourcesBuildPhase section */

/* Begin PBXTargetDependency section */
		15E726171FD3085500F6C7A9 /* PBXTargetDependency */ = {
			isa = PBXTargetDependency;
			target = 15E726001FD3085500F6C7A9 /* NOM */;
			targetProxy = 15E726161FD3085500F6C7A9 /* PBXContainerItemProxy */;
		};
		15E726221FD3085500F6C7A9 /* PBXTargetDependency */ = {
			isa = PBXTargetDependency;
			target = 15E726001FD3085500F6C7A9 /* NOM */;
			targetProxy = 15E726211FD3085500F6C7A9 /* PBXContainerItemProxy */;
		};
/* End PBXTargetDependency section */

/* Begin PBXVariantGroup section */
		15E726081FD3085500F6C7A9 /* Main.storyboard */ = {
			isa = PBXVariantGroup;
			children = (
				15E726091FD3085500F6C7A9 /* Base */,
			);
			name = Main.storyboard;
			sourceTree = "<group>";
		};
		15E7260D1FD3085500F6C7A9 /* LaunchScreen.storyboard */ = {
			isa = PBXVariantGroup;
			children = (
				15E7260E1FD3085500F6C7A9 /* Base */,
			);
			name = LaunchScreen.storyboard;
			sourceTree = "<group>";
		};
/* End PBXVariantGroup section */

/* Begin XCBuildConfiguration section */
		15E726271FD3085500F6C7A9 /* Debug */ = {
			isa = XCBuildConfiguration;
			buildSettings = {
				ALWAYS_SEARCH_USER_PATHS = NO;
				CLANG_ANALYZER_NONNULL = YES;
				CLANG_ANALYZER_NUMBER_OBJECT_CONVERSION = YES_AGGRESSIVE;
				CLANG_CXX_LANGUAGE_STANDARD = "gnu++14";
				CLANG_CXX_LIBRARY = "libc++";
				CLANG_ENABLE_MODULES = YES;
				CLANG_ENABLE_OBJC_ARC = YES;
				CLANG_WARN_BLOCK_CAPTURE_AUTORELEASING = YES;
				CLANG_WARN_BOOL_CONVERSION = YES;
				CLANG_WARN_COMMA = YES;
				CLANG_WARN_CONSTANT_CONVERSION = YES;
				CLANG_WARN_DEPRECATED_OBJC_IMPLEMENTATIONS = YES;
				CLANG_WARN_DIRECT_OBJC_ISA_USAGE = YES_ERROR;
				CLANG_WARN_DOCUMENTATION_COMMENTS = YES;
				CLANG_WARN_EMPTY_BODY = YES;
				CLANG_WARN_ENUM_CONVERSION = YES;
				CLANG_WARN_INFINITE_RECURSION = YES;
				CLANG_WARN_INT_CONVERSION = YES;
				CLANG_WARN_NON_LITERAL_NULL_CONVERSION = YES;
				CLANG_WARN_OBJC_IMPLICIT_RETAIN_SELF = YES;
				CLANG_WARN_OBJC_LITERAL_CONVERSION = YES;
				CLANG_WARN_OBJC_ROOT_CLASS = YES_ERROR;
				CLANG_WARN_RANGE_LOOP_ANALYSIS = YES;
				CLANG_WARN_STRICT_PROTOTYPES = YES;
				CLANG_WARN_SUSPICIOUS_MOVE = YES;
				CLANG_WARN_UNGUARDED_AVAILABILITY = YES_AGGRESSIVE;
				CLANG_WARN_UNREACHABLE_CODE = YES;
				CLANG_WARN__DUPLICATE_METHOD_MATCH = YES;
				CODE_SIGN_IDENTITY = "iPhone Developer";
				COPY_PHASE_STRIP = NO;
				DEBUG_INFORMATION_FORMAT = dwarf;
				ENABLE_STRICT_OBJC_MSGSEND = YES;
				ENABLE_TESTABILITY = YES;
				GCC_C_LANGUAGE_STANDARD = gnu11;
				GCC_DYNAMIC_NO_PIC = NO;
				GCC_NO_COMMON_BLOCKS = YES;
				GCC_OPTIMIZATION_LEVEL = 0;
				GCC_PREPROCESSOR_DEFINITIONS = (
					"DEBUG=1",
					"$(inherited)",
				);
				GCC_WARN_64_TO_32_BIT_CONVERSION = YES;
				GCC_WARN_ABOUT_RETURN_TYPE = YES_ERROR;
				GCC_WARN_UNDECLARED_SELECTOR = YES;
				GCC_WARN_UNINITIALIZED_AUTOS = YES_AGGRESSIVE;
				GCC_WARN_UNUSED_FUNCTION = YES;
				GCC_WARN_UNUSED_VARIABLE = YES;
				IPHONEOS_DEPLOYMENT_TARGET = 11.1;
				MTL_ENABLE_DEBUG_INFO = YES;
				ONLY_ACTIVE_ARCH = YES;
				SDKROOT = iphoneos;
				SWIFT_ACTIVE_COMPILATION_CONDITIONS = DEBUG;
				SWIFT_OPTIMIZATION_LEVEL = "-Onone";
			};
			name = Debug;
		};
		15E726281FD3085500F6C7A9 /* Release */ = {
			isa = XCBuildConfiguration;
			buildSettings = {
				ALWAYS_SEARCH_USER_PATHS = NO;
				CLANG_ANALYZER_NONNULL = YES;
				CLANG_ANALYZER_NUMBER_OBJECT_CONVERSION = YES_AGGRESSIVE;
				CLANG_CXX_LANGUAGE_STANDARD = "gnu++14";
				CLANG_CXX_LIBRARY = "libc++";
				CLANG_ENABLE_MODULES = YES;
				CLANG_ENABLE_OBJC_ARC = YES;
				CLANG_WARN_BLOCK_CAPTURE_AUTORELEASING = YES;
				CLANG_WARN_BOOL_CONVERSION = YES;
				CLANG_WARN_COMMA = YES;
				CLANG_WARN_CONSTANT_CONVERSION = YES;
				CLANG_WARN_DEPRECATED_OBJC_IMPLEMENTATIONS = YES;
				CLANG_WARN_DIRECT_OBJC_ISA_USAGE = YES_ERROR;
				CLANG_WARN_DOCUMENTATION_COMMENTS = YES;
				CLANG_WARN_EMPTY_BODY = YES;
				CLANG_WARN_ENUM_CONVERSION = YES;
				CLANG_WARN_INFINITE_RECURSION = YES;
				CLANG_WARN_INT_CONVERSION = YES;
				CLANG_WARN_NON_LITERAL_NULL_CONVERSION = YES;
				CLANG_WARN_OBJC_IMPLICIT_RETAIN_SELF = YES;
				CLANG_WARN_OBJC_LITERAL_CONVERSION = YES;
				CLANG_WARN_OBJC_ROOT_CLASS = YES_ERROR;
				CLANG_WARN_RANGE_LOOP_ANALYSIS = YES;
				CLANG_WARN_STRICT_PROTOTYPES = YES;
				CLANG_WARN_SUSPICIOUS_MOVE = YES;
				CLANG_WARN_UNGUARDED_AVAILABILITY = YES_AGGRESSIVE;
				CLANG_WARN_UNREACHABLE_CODE = YES;
				CLANG_WARN__DUPLICATE_METHOD_MATCH = YES;
				CODE_SIGN_IDENTITY = "iPhone Developer";
				COPY_PHASE_STRIP = NO;
				DEBUG_INFORMATION_FORMAT = "dwarf-with-dsym";
				ENABLE_NS_ASSERTIONS = NO;
				ENABLE_STRICT_OBJC_MSGSEND = YES;
				GCC_C_LANGUAGE_STANDARD = gnu11;
				GCC_NO_COMMON_BLOCKS = YES;
				GCC_WARN_64_TO_32_BIT_CONVERSION = YES;
				GCC_WARN_ABOUT_RETURN_TYPE = YES_ERROR;
				GCC_WARN_UNDECLARED_SELECTOR = YES;
				GCC_WARN_UNINITIALIZED_AUTOS = YES_AGGRESSIVE;
				GCC_WARN_UNUSED_FUNCTION = YES;
				GCC_WARN_UNUSED_VARIABLE = YES;
				IPHONEOS_DEPLOYMENT_TARGET = 11.1;
				MTL_ENABLE_DEBUG_INFO = NO;
				SDKROOT = iphoneos;
				SWIFT_OPTIMIZATION_LEVEL = "-Owholemodule";
				VALIDATE_PRODUCT = YES;
			};
			name = Release;
		};
		15E7262A1FD3085500F6C7A9 /* Debug */ = {
			isa = XCBuildConfiguration;
			baseConfigurationReference = 9B570E1E70C8C280869FC1EC /* Pods-NOM.debug.xcconfig */;
			buildSettings = {
				ASSETCATALOG_COMPILER_APPICON_NAME = AppIcon;
				CLANG_ENABLE_MODULES = YES;
				CODE_SIGN_ENTITLEMENTS = NOM.entitlements;
				CODE_SIGN_STYLE = Automatic;
				DEVELOPMENT_TEAM = 47Q6KQQW55;
				INFOPLIST_FILE = ExchangeRate/Info.plist;
				IPHONEOS_DEPLOYMENT_TARGET = 9.0;
				LD_RUNPATH_SEARCH_PATHS = "$(inherited) @executable_path/Frameworks";
				PRODUCT_BUNDLE_IDENTIFIER = lmcmz.ExchangeRate;
				PRODUCT_NAME = "$(TARGET_NAME)";
				SWIFT_OBJC_BRIDGING_HEADER = "ExchangeRate/ExchangeRate-Bridging-Header.h";
				SWIFT_OPTIMIZATION_LEVEL = "-Onone";
				SWIFT_VERSION = 4.2;
				TARGETED_DEVICE_FAMILY = "1,2";
			};
			name = Debug;
		};
		15E7262B1FD3085500F6C7A9 /* Release */ = {
			isa = XCBuildConfiguration;
			baseConfigurationReference = CFC9EAC5B9EE4D9F7A40A502 /* Pods-NOM.release.xcconfig */;
			buildSettings = {
				ASSETCATALOG_COMPILER_APPICON_NAME = AppIcon;
				CLANG_ENABLE_MODULES = YES;
				CODE_SIGN_ENTITLEMENTS = NOM.entitlements;
				CODE_SIGN_STYLE = Automatic;
				DEVELOPMENT_TEAM = 47Q6KQQW55;
				INFOPLIST_FILE = ExchangeRate/Info.plist;
				IPHONEOS_DEPLOYMENT_TARGET = 9.0;
				LD_RUNPATH_SEARCH_PATHS = "$(inherited) @executable_path/Frameworks";
				PRODUCT_BUNDLE_IDENTIFIER = lmcmz.ExchangeRate;
				PRODUCT_NAME = "$(TARGET_NAME)";
				SWIFT_OBJC_BRIDGING_HEADER = "ExchangeRate/ExchangeRate-Bridging-Header.h";
				SWIFT_VERSION = 4.2;
				TARGETED_DEVICE_FAMILY = "1,2";
			};
			name = Release;
		};
		15E7262D1FD3085500F6C7A9 /* Debug */ = {
			isa = XCBuildConfiguration;
			buildSettings = {
				ALWAYS_EMBED_SWIFT_STANDARD_LIBRARIES = YES;
				BUNDLE_LOADER = "$(TEST_HOST)";
				CODE_SIGN_STYLE = Automatic;
				DEVELOPMENT_TEAM = 47Q6KQQW55;
				INFOPLIST_FILE = ExchangeRateTests/Info.plist;
				LD_RUNPATH_SEARCH_PATHS = "$(inherited) @executable_path/Frameworks @loader_path/Frameworks";
				PRODUCT_BUNDLE_IDENTIFIER = lmcmz.ExchangeRateTests;
				PRODUCT_NAME = "$(TARGET_NAME)";
				SWIFT_VERSION = 4.0;
				TARGETED_DEVICE_FAMILY = "1,2";
				TEST_HOST = "$(BUILT_PRODUCTS_DIR)/NOM.app/NOM";
			};
			name = Debug;
		};
		15E7262E1FD3085500F6C7A9 /* Release */ = {
			isa = XCBuildConfiguration;
			buildSettings = {
				ALWAYS_EMBED_SWIFT_STANDARD_LIBRARIES = YES;
				BUNDLE_LOADER = "$(TEST_HOST)";
				CODE_SIGN_STYLE = Automatic;
				DEVELOPMENT_TEAM = 47Q6KQQW55;
				INFOPLIST_FILE = ExchangeRateTests/Info.plist;
				LD_RUNPATH_SEARCH_PATHS = "$(inherited) @executable_path/Frameworks @loader_path/Frameworks";
				PRODUCT_BUNDLE_IDENTIFIER = lmcmz.ExchangeRateTests;
				PRODUCT_NAME = "$(TARGET_NAME)";
				SWIFT_VERSION = 4.0;
				TARGETED_DEVICE_FAMILY = "1,2";
				TEST_HOST = "$(BUILT_PRODUCTS_DIR)/NOM.app/NOM";
			};
			name = Release;
		};
		15E726301FD3085500F6C7A9 /* Debug */ = {
			isa = XCBuildConfiguration;
			buildSettings = {
				ALWAYS_EMBED_SWIFT_STANDARD_LIBRARIES = YES;
				CODE_SIGN_STYLE = Automatic;
				DEVELOPMENT_TEAM = 47Q6KQQW55;
				INFOPLIST_FILE = ExchangeRateUITests/Info.plist;
				LD_RUNPATH_SEARCH_PATHS = "$(inherited) @executable_path/Frameworks @loader_path/Frameworks";
				PRODUCT_BUNDLE_IDENTIFIER = lmcmz.ExchangeRateUITests;
				PRODUCT_NAME = "$(TARGET_NAME)";
				SWIFT_VERSION = 4.0;
				TARGETED_DEVICE_FAMILY = "1,2";
				TEST_TARGET_NAME = ExchangeRate;
			};
			name = Debug;
		};
		15E726311FD3085500F6C7A9 /* Release */ = {
			isa = XCBuildConfiguration;
			buildSettings = {
				ALWAYS_EMBED_SWIFT_STANDARD_LIBRARIES = YES;
				CODE_SIGN_STYLE = Automatic;
				DEVELOPMENT_TEAM = 47Q6KQQW55;
				INFOPLIST_FILE = ExchangeRateUITests/Info.plist;
				LD_RUNPATH_SEARCH_PATHS = "$(inherited) @executable_path/Frameworks @loader_path/Frameworks";
				PRODUCT_BUNDLE_IDENTIFIER = lmcmz.ExchangeRateUITests;
				PRODUCT_NAME = "$(TARGET_NAME)";
				SWIFT_VERSION = 4.0;
				TARGETED_DEVICE_FAMILY = "1,2";
				TEST_TARGET_NAME = ExchangeRate;
			};
			name = Release;
		};
/* End XCBuildConfiguration section */

/* Begin XCConfigurationList section */
		15E725FC1FD3085500F6C7A9 /* Build configuration list for PBXProject "NOM" */ = {
			isa = XCConfigurationList;
			buildConfigurations = (
				15E726271FD3085500F6C7A9 /* Debug */,
				15E726281FD3085500F6C7A9 /* Release */,
			);
			defaultConfigurationIsVisible = 0;
			defaultConfigurationName = Release;
		};
		15E726291FD3085500F6C7A9 /* Build configuration list for PBXNativeTarget "NOM" */ = {
			isa = XCConfigurationList;
			buildConfigurations = (
				15E7262A1FD3085500F6C7A9 /* Debug */,
				15E7262B1FD3085500F6C7A9 /* Release */,
			);
			defaultConfigurationIsVisible = 0;
			defaultConfigurationName = Release;
		};
		15E7262C1FD3085500F6C7A9 /* Build configuration list for PBXNativeTarget "NOMTests" */ = {
			isa = XCConfigurationList;
			buildConfigurations = (
				15E7262D1FD3085500F6C7A9 /* Debug */,
				15E7262E1FD3085500F6C7A9 /* Release */,
			);
			defaultConfigurationIsVisible = 0;
			defaultConfigurationName = Release;
		};
		15E7262F1FD3085500F6C7A9 /* Build configuration list for PBXNativeTarget "NOMUITests" */ = {
			isa = XCConfigurationList;
			buildConfigurations = (
				15E726301FD3085500F6C7A9 /* Debug */,
				15E726311FD3085500F6C7A9 /* Release */,
			);
			defaultConfigurationIsVisible = 0;
			defaultConfigurationName = Release;
		};
/* End XCConfigurationList section */
	};
	rootObject = 15E725F91FD3085500F6C7A9 /* Project object */;
}
